// !$*UTF8*$!
{
	archiveVersion = 1;
	classes = {
	};
	objectVersion = 46;
	objects = {

/* Begin PBXBuildFile section */
		000E028D1D618CD800AD71BC /* main.m in Sources */ = {isa = PBXBuildFile; fileRef = 000E028C1D618CD800AD71BC /* main.m */; };
		000E02901D618CD800AD71BC /* AppDelegate.m in Sources */ = {isa = PBXBuildFile; fileRef = 000E028F1D618CD800AD71BC /* AppDelegate.m */; };
		000E02931D618CD800AD71BC /* LoginViewController.m in Sources */ = {isa = PBXBuildFile; fileRef = 000E02921D618CD800AD71BC /* LoginViewController.m */; };
		000E02961D618CD800AD71BC /* Main.storyboard in Resources */ = {isa = PBXBuildFile; fileRef = 000E02941D618CD800AD71BC /* Main.storyboard */; };
		000E02981D618CD800AD71BC /* Assets.xcassets in Resources */ = {isa = PBXBuildFile; fileRef = 000E02971D618CD800AD71BC /* Assets.xcassets */; };
		000E029B1D618CD800AD71BC /* LaunchScreen.storyboard in Resources */ = {isa = PBXBuildFile; fileRef = 000E02991D618CD800AD71BC /* LaunchScreen.storyboard */; };
		000E02A61D618CD800AD71BC /* Hockd_iOS_AppTests.m in Sources */ = {isa = PBXBuildFile; fileRef = 000E02A51D618CD800AD71BC /* Hockd_iOS_AppTests.m */; };
		000E02B11D618CD800AD71BC /* Hockd_iOS_AppUITests.m in Sources */ = {isa = PBXBuildFile; fileRef = 000E02B01D618CD800AD71BC /* Hockd_iOS_AppUITests.m */; };
		000E02C91D6AB89C00AD71BC /* ForgotPasswordViewController.m in Sources */ = {isa = PBXBuildFile; fileRef = 000E02C81D6AB89C00AD71BC /* ForgotPasswordViewController.m */; };
		001E81581D892F7000DE27EA /* MyItemTVCell.m in Sources */ = {isa = PBXBuildFile; fileRef = 001E81571D892F7000DE27EA /* MyItemTVCell.m */; };
		002DA68A1DDB24CB00E3FD6F /* NSString+Base64.m in Sources */ = {isa = PBXBuildFile; fileRef = 002DA6891DDB24CB00E3FD6F /* NSString+Base64.m */; };
		002DA68E1DDB24EB00E3FD6F /* NSData+Base64.m in Sources */ = {isa = PBXBuildFile; fileRef = 002DA68D1DDB24EB00E3FD6F /* NSData+Base64.m */; };
		002DA6911DDB24F700E3FD6F /* NSData+CommonCrypto.m in Sources */ = {isa = PBXBuildFile; fileRef = 002DA6901DDB24F700E3FD6F /* NSData+CommonCrypto.m */; };
		002DA6941DDB250200E3FD6F /* AESCrypt.m in Sources */ = {isa = PBXBuildFile; fileRef = 002DA6931DDB250200E3FD6F /* AESCrypt.m */; };
		0037156C1DEEABB200C13A97 /* CreateAccount.storyboard in Resources */ = {isa = PBXBuildFile; fileRef = 0037156A1DEEABB200C13A97 /* CreateAccount.storyboard */; };
		0049158C1DED97D100892B8D /* UIImage+CameraFilters.m in Sources */ = {isa = PBXBuildFile; fileRef = 0049158B1DED97D100892B8D /* UIImage+CameraFilters.m */; };
		004915951DED97DB00892B8D /* TGCameraAuthorizationViewController.m in Sources */ = {isa = PBXBuildFile; fileRef = 0049158E1DED97DB00892B8D /* TGCameraAuthorizationViewController.m */; };
		004915961DED97DB00892B8D /* TGCameraNavigationController.m in Sources */ = {isa = PBXBuildFile; fileRef = 004915901DED97DB00892B8D /* TGCameraNavigationController.m */; };
		004915971DED97DB00892B8D /* TGCameraViewController.m in Sources */ = {isa = PBXBuildFile; fileRef = 004915921DED97DB00892B8D /* TGCameraViewController.m */; };
		004915981DED97DB00892B8D /* TGPhotoViewController.m in Sources */ = {isa = PBXBuildFile; fileRef = 004915941DED97DB00892B8D /* TGPhotoViewController.m */; };
		004915AD1DED97E800892B8D /* TGAlbum.m in Sources */ = {isa = PBXBuildFile; fileRef = 0049159A1DED97E800892B8D /* TGAlbum.m */; };
		004915AE1DED97E800892B8D /* TGAssetsLibrary.m in Sources */ = {isa = PBXBuildFile; fileRef = 0049159C1DED97E800892B8D /* TGAssetsLibrary.m */; };
		004915AF1DED97E800892B8D /* TGCamera.m in Sources */ = {isa = PBXBuildFile; fileRef = 0049159E1DED97E800892B8D /* TGCamera.m */; };
		004915B01DED97E800892B8D /* TGCameraColor.m in Sources */ = {isa = PBXBuildFile; fileRef = 004915A01DED97E800892B8D /* TGCameraColor.m */; };
		004915B11DED97E800892B8D /* TGCameraFlash.m in Sources */ = {isa = PBXBuildFile; fileRef = 004915A21DED97E800892B8D /* TGCameraFlash.m */; };
		004915B21DED97E800892B8D /* TGCameraFocus.m in Sources */ = {isa = PBXBuildFile; fileRef = 004915A41DED97E800892B8D /* TGCameraFocus.m */; };
		004915B31DED97E800892B8D /* TGCameraFunctions.m in Sources */ = {isa = PBXBuildFile; fileRef = 004915A61DED97E800892B8D /* TGCameraFunctions.m */; };
		004915B41DED97E800892B8D /* TGCameraGrid.m in Sources */ = {isa = PBXBuildFile; fileRef = 004915A81DED97E800892B8D /* TGCameraGrid.m */; };
		004915B51DED97E800892B8D /* TGCameraShot.m in Sources */ = {isa = PBXBuildFile; fileRef = 004915AA1DED97E800892B8D /* TGCameraShot.m */; };
		004915B61DED97E800892B8D /* TGCameraToggle.m in Sources */ = {isa = PBXBuildFile; fileRef = 004915AC1DED97E800892B8D /* TGCameraToggle.m */; };
		004915B91DED97F400892B8D /* TGAssetImageFile.m in Sources */ = {isa = PBXBuildFile; fileRef = 004915B81DED97F400892B8D /* TGAssetImageFile.m */; };
		004915CA1DED980100892B8D /* TGCameraFilterView.m in Sources */ = {isa = PBXBuildFile; fileRef = 004915BB1DED980100892B8D /* TGCameraFilterView.m */; };
		004915CB1DED980100892B8D /* TGCameraFocusView.m in Sources */ = {isa = PBXBuildFile; fileRef = 004915BD1DED980100892B8D /* TGCameraFocusView.m */; };
		004915CC1DED980100892B8D /* TGCameraGridView.m in Sources */ = {isa = PBXBuildFile; fileRef = 004915BF1DED980100892B8D /* TGCameraGridView.m */; };
		004915CD1DED980100892B8D /* TGCameraSlideDownView.m in Sources */ = {isa = PBXBuildFile; fileRef = 004915C11DED980100892B8D /* TGCameraSlideDownView.m */; };
		004915CE1DED980100892B8D /* TGCameraSlideUpView.m in Sources */ = {isa = PBXBuildFile; fileRef = 004915C31DED980100892B8D /* TGCameraSlideUpView.m */; };
		004915CF1DED980100892B8D /* TGCameraSlideView.m in Sources */ = {isa = PBXBuildFile; fileRef = 004915C51DED980100892B8D /* TGCameraSlideView.m */; };
		004915D01DED980100892B8D /* TGTintedButton.m in Sources */ = {isa = PBXBuildFile; fileRef = 004915C71DED980100892B8D /* TGTintedButton.m */; };
		004915D11DED980100892B8D /* TGTintedLabel.m in Sources */ = {isa = PBXBuildFile; fileRef = 004915C91DED980100892B8D /* TGTintedLabel.m */; };
		004915D51DED981A00892B8D /* TGCameraAuthorizationViewController.xib in Resources */ = {isa = PBXBuildFile; fileRef = 004915D21DED981A00892B8D /* TGCameraAuthorizationViewController.xib */; };
		004915D61DED981A00892B8D /* TGCameraViewController.xib in Resources */ = {isa = PBXBuildFile; fileRef = 004915D31DED981A00892B8D /* TGCameraViewController.xib */; };
		004915D71DED981A00892B8D /* TGPhotoViewController.xib in Resources */ = {isa = PBXBuildFile; fileRef = 004915D41DED981A00892B8D /* TGPhotoViewController.xib */; };
		004915DE1DED98C600892B8D /* TGCameraViewController.bundle in Resources */ = {isa = PBXBuildFile; fileRef = 004915DD1DED98C600892B8D /* TGCameraViewController.bundle */; };
		0056F9FF1DF8A3350059475E /* UpdateAccountViewController.m in Sources */ = {isa = PBXBuildFile; fileRef = 0056F9FE1DF8A3350059475E /* UpdateAccountViewController.m */; };
		0056FA021DF8E33C0059475E /* UpdatePasswordViewController.m in Sources */ = {isa = PBXBuildFile; fileRef = 0056FA011DF8E33C0059475E /* UpdatePasswordViewController.m */; };
		0060802A1E0A6564007F0CC9 /* 1.jpg in Resources */ = {isa = PBXBuildFile; fileRef = 006080201E0A6564007F0CC9 /* 1.jpg */; };
		0060802B1E0A6564007F0CC9 /* 2.jpg in Resources */ = {isa = PBXBuildFile; fileRef = 006080211E0A6564007F0CC9 /* 2.jpg */; };
		0060802C1E0A6564007F0CC9 /* 3.jpg in Resources */ = {isa = PBXBuildFile; fileRef = 006080221E0A6564007F0CC9 /* 3.jpg */; };
		0060802D1E0A6564007F0CC9 /* 4.jpg in Resources */ = {isa = PBXBuildFile; fileRef = 006080231E0A6564007F0CC9 /* 4.jpg */; };
		0060802E1E0A6564007F0CC9 /* 5.jpg in Resources */ = {isa = PBXBuildFile; fileRef = 006080241E0A6564007F0CC9 /* 5.jpg */; };
		0060802F1E0A6564007F0CC9 /* 6.JPG in Resources */ = {isa = PBXBuildFile; fileRef = 006080251E0A6564007F0CC9 /* 6.JPG */; };
		006080301E0A6564007F0CC9 /* 7.JPG in Resources */ = {isa = PBXBuildFile; fileRef = 006080261E0A6564007F0CC9 /* 7.JPG */; };
		006080311E0A6564007F0CC9 /* 8.JPG in Resources */ = {isa = PBXBuildFile; fileRef = 006080271E0A6564007F0CC9 /* 8.JPG */; };
		006080321E0A6564007F0CC9 /* 9.JPG in Resources */ = {isa = PBXBuildFile; fileRef = 006080281E0A6564007F0CC9 /* 9.JPG */; };
		006080331E0A6564007F0CC9 /* 10.JPG in Resources */ = {isa = PBXBuildFile; fileRef = 006080291E0A6564007F0CC9 /* 10.JPG */; };
		0061445A1E3731ED00E98A2B /* MyItemFullScreenViewController.m in Sources */ = {isa = PBXBuildFile; fileRef = 006144591E3731ED00E98A2B /* MyItemFullScreenViewController.m */; };
		0088447D1E3883C30042ACF5 /* AssetsAcceptedViewController.m in Sources */ = {isa = PBXBuildFile; fileRef = 0088447C1E3883C30042ACF5 /* AssetsAcceptedViewController.m */; };
		008844801E3883DE0042ACF5 /* HowItWorksViewController.m in Sources */ = {isa = PBXBuildFile; fileRef = 0088447F1E3883DE0042ACF5 /* HowItWorksViewController.m */; };
		008844831E3884040042ACF5 /* FAQViewController.m in Sources */ = {isa = PBXBuildFile; fileRef = 008844821E3884040042ACF5 /* FAQViewController.m */; };
		008844861E38841F0042ACF5 /* ContactUsViewController.m in Sources */ = {isa = PBXBuildFile; fileRef = 008844851E38841F0042ACF5 /* ContactUsViewController.m */; };
		008844891E3884310042ACF5 /* ViewProfileViewController.m in Sources */ = {isa = PBXBuildFile; fileRef = 008844881E3884310042ACF5 /* ViewProfileViewController.m */; };
		00A100D51D6D954700ADDBCF /* SearchTableViewController.m in Sources */ = {isa = PBXBuildFile; fileRef = 00A100D41D6D954700ADDBCF /* SearchTableViewController.m */; };
		00A100D81D6D960D00ADDBCF /* MyItemsTableViewController.m in Sources */ = {isa = PBXBuildFile; fileRef = 00A100D71D6D960D00ADDBCF /* MyItemsTableViewController.m */; };
		00A100DB1D6D968200ADDBCF /* MessagesViewController.m in Sources */ = {isa = PBXBuildFile; fileRef = 00A100DA1D6D968200ADDBCF /* MessagesViewController.m */; };
		00A100DE1D6D96D000ADDBCF /* SettingsViewController.m in Sources */ = {isa = PBXBuildFile; fileRef = 00A100DD1D6D96D000ADDBCF /* SettingsViewController.m */; };
		00A100E41D6D971D00ADDBCF /* HockViewController.m in Sources */ = {isa = PBXBuildFile; fileRef = 00A100E31D6D971D00ADDBCF /* HockViewController.m */; };
		00DAA2FA1DCAA15500098ECC /* Login.m in Sources */ = {isa = PBXBuildFile; fileRef = 00DAA2F91DCAA15400098ECC /* Login.m */; };
		00DAA2FE1DCDD18500098ECC /* SF Orson Casual Heavy Reg FONT in Resources */ = {isa = PBXBuildFile; fileRef = 00DAA2FD1DCDD18500098ECC /* SF Orson Casual Heavy Reg FONT */; };
		00DAA3041DD19D2400098ECC /* CreateAccountViewController.m in Sources */ = {isa = PBXBuildFile; fileRef = 00DAA3031DD19D2400098ECC /* CreateAccountViewController.m */; };
		00DAA3071DD1A1AA00098ECC /* CredentialCheckViewController.m in Sources */ = {isa = PBXBuildFile; fileRef = 00DAA3061DD1A1AA00098ECC /* CredentialCheckViewController.m */; };
		00E7F1041D7E914800297AAD /* Settings.storyboard in Resources */ = {isa = PBXBuildFile; fileRef = 00E7F1031D7E914800297AAD /* Settings.storyboard */; };
		00E7F1071D7E919A00297AAD /* Hock.storyboard in Resources */ = {isa = PBXBuildFile; fileRef = 00E7F1051D7E919A00297AAD /* Hock.storyboard */; };
		00E7F1091D7E91CC00297AAD /* Messages.storyboard in Resources */ = {isa = PBXBuildFile; fileRef = 00E7F1081D7E91CC00297AAD /* Messages.storyboard */; };
		00E7F10C1D7E920F00297AAD /* MyItems.storyboard in Resources */ = {isa = PBXBuildFile; fileRef = 00E7F10A1D7E920F00297AAD /* MyItems.storyboard */; };
		00E7F10E1D7E92B300297AAD /* Search.storyboard in Resources */ = {isa = PBXBuildFile; fileRef = 00E7F10D1D7E92B300297AAD /* Search.storyboard */; };
		00EE3F291E2F44C700BE3E59 /* AllItem.m in Sources */ = {isa = PBXBuildFile; fileRef = 00EE3F281E2F44C700BE3E59 /* AllItem.m */; };
		00EE3F2C1E2F543300BE3E59 /* AllItemTVCell.m in Sources */ = {isa = PBXBuildFile; fileRef = 00EE3F2B1E2F543300BE3E59 /* AllItemTVCell.m */; };
		00F499561D76BBA600641ACE /* User.m in Sources */ = {isa = PBXBuildFile; fileRef = 00F499551D76BBA600641ACE /* User.m */; };
		00F499591D76BD9400641ACE /* MyItem.m in Sources */ = {isa = PBXBuildFile; fileRef = 00F499581D76BD9400641ACE /* MyItem.m */; };
		00F4995C1D76C71700641ACE /* Address.m in Sources */ = {isa = PBXBuildFile; fileRef = 00F4995B1D76C71700641ACE /* Address.m */; };
		00F4995F1D76CA2000641ACE /* DataSource.m in Sources */ = {isa = PBXBuildFile; fileRef = 00F4995E1D76CA2000641ACE /* DataSource.m */; };
		00FBCB3F1D829142002DD04D /* HockPostedViewController.m in Sources */ = {isa = PBXBuildFile; fileRef = 00FBCB3E1D829142002DD04D /* HockPostedViewController.m */; };
		C9C154A470AF5AE829DD3028 /* libPods-Hockd iOS App.a in Frameworks */ = {isa = PBXBuildFile; fileRef = 89AE3D22AADECC508A808DD2 /* libPods-Hockd iOS App.a */; };
/* End PBXBuildFile section */

/* Begin PBXContainerItemProxy section */
		000E02A21D618CD800AD71BC /* PBXContainerItemProxy */ = {
			isa = PBXContainerItemProxy;
			containerPortal = 000E02801D618CD700AD71BC /* Project object */;
			proxyType = 1;
			remoteGlobalIDString = 000E02871D618CD700AD71BC;
			remoteInfo = "Hockd iOS App";
		};
		000E02AD1D618CD800AD71BC /* PBXContainerItemProxy */ = {
			isa = PBXContainerItemProxy;
			containerPortal = 000E02801D618CD700AD71BC /* Project object */;
			proxyType = 1;
			remoteGlobalIDString = 000E02871D618CD700AD71BC;
			remoteInfo = "Hockd iOS App";
		};
/* End PBXContainerItemProxy section */

/* Begin PBXFileReference section */
		000E02881D618CD700AD71BC /* Hockd iOS App.app */ = {isa = PBXFileReference; explicitFileType = wrapper.application; includeInIndex = 0; path = "Hockd iOS App.app"; sourceTree = BUILT_PRODUCTS_DIR; };
		000E028C1D618CD800AD71BC /* main.m */ = {isa = PBXFileReference; lastKnownFileType = sourcecode.c.objc; path = main.m; sourceTree = "<group>"; };
		000E028E1D618CD800AD71BC /* AppDelegate.h */ = {isa = PBXFileReference; lastKnownFileType = sourcecode.c.h; path = AppDelegate.h; sourceTree = "<group>"; };
		000E028F1D618CD800AD71BC /* AppDelegate.m */ = {isa = PBXFileReference; lastKnownFileType = sourcecode.c.objc; path = AppDelegate.m; sourceTree = "<group>"; };
		000E02911D618CD800AD71BC /* LoginViewController.h */ = {isa = PBXFileReference; lastKnownFileType = sourcecode.c.h; path = LoginViewController.h; sourceTree = "<group>"; };
		000E02921D618CD800AD71BC /* LoginViewController.m */ = {isa = PBXFileReference; lastKnownFileType = sourcecode.c.objc; path = LoginViewController.m; sourceTree = "<group>"; };
		000E02951D618CD800AD71BC /* Base */ = {isa = PBXFileReference; lastKnownFileType = file.storyboard; name = Base; path = Base.lproj/Main.storyboard; sourceTree = "<group>"; };
		000E02971D618CD800AD71BC /* Assets.xcassets */ = {isa = PBXFileReference; lastKnownFileType = folder.assetcatalog; path = Assets.xcassets; sourceTree = "<group>"; };
		000E029A1D618CD800AD71BC /* Base */ = {isa = PBXFileReference; lastKnownFileType = file.storyboard; name = Base; path = Base.lproj/LaunchScreen.storyboard; sourceTree = "<group>"; };
		000E029C1D618CD800AD71BC /* Info.plist */ = {isa = PBXFileReference; lastKnownFileType = text.plist.xml; path = Info.plist; sourceTree = "<group>"; };
		000E02A11D618CD800AD71BC /* Hockd iOS AppTests.xctest */ = {isa = PBXFileReference; explicitFileType = wrapper.cfbundle; includeInIndex = 0; path = "Hockd iOS AppTests.xctest"; sourceTree = BUILT_PRODUCTS_DIR; };
		000E02A51D618CD800AD71BC /* Hockd_iOS_AppTests.m */ = {isa = PBXFileReference; lastKnownFileType = sourcecode.c.objc; path = Hockd_iOS_AppTests.m; sourceTree = "<group>"; };
		000E02A71D618CD800AD71BC /* Info.plist */ = {isa = PBXFileReference; lastKnownFileType = text.plist.xml; path = Info.plist; sourceTree = "<group>"; };
		000E02AC1D618CD800AD71BC /* Hockd iOS AppUITests.xctest */ = {isa = PBXFileReference; explicitFileType = wrapper.cfbundle; includeInIndex = 0; path = "Hockd iOS AppUITests.xctest"; sourceTree = BUILT_PRODUCTS_DIR; };
		000E02B01D618CD800AD71BC /* Hockd_iOS_AppUITests.m */ = {isa = PBXFileReference; lastKnownFileType = sourcecode.c.objc; path = Hockd_iOS_AppUITests.m; sourceTree = "<group>"; };
		000E02B21D618CD800AD71BC /* Info.plist */ = {isa = PBXFileReference; lastKnownFileType = text.plist.xml; path = Info.plist; sourceTree = "<group>"; };
		000E02C71D6AB89C00AD71BC /* ForgotPasswordViewController.h */ = {isa = PBXFileReference; fileEncoding = 4; lastKnownFileType = sourcecode.c.h; path = ForgotPasswordViewController.h; sourceTree = "<group>"; };
		000E02C81D6AB89C00AD71BC /* ForgotPasswordViewController.m */ = {isa = PBXFileReference; fileEncoding = 4; lastKnownFileType = sourcecode.c.objc; path = ForgotPasswordViewController.m; sourceTree = "<group>"; };
		001E81561D892F7000DE27EA /* MyItemTVCell.h */ = {isa = PBXFileReference; fileEncoding = 4; lastKnownFileType = sourcecode.c.h; path = MyItemTVCell.h; sourceTree = "<group>"; };
		001E81571D892F7000DE27EA /* MyItemTVCell.m */ = {isa = PBXFileReference; fileEncoding = 4; lastKnownFileType = sourcecode.c.objc; path = MyItemTVCell.m; sourceTree = "<group>"; };
		002DA6891DDB24CB00E3FD6F /* NSString+Base64.m */ = {isa = PBXFileReference; fileEncoding = 4; lastKnownFileType = sourcecode.c.objc; path = "NSString+Base64.m"; sourceTree = "<group>"; };
		002DA68B1DDB24E000E3FD6F /* NSString+Base64.h */ = {isa = PBXFileReference; lastKnownFileType = sourcecode.c.h; path = "NSString+Base64.h"; sourceTree = "<group>"; };
		002DA68C1DDB24EB00E3FD6F /* NSData+Base64.h */ = {isa = PBXFileReference; fileEncoding = 4; lastKnownFileType = sourcecode.c.h; path = "NSData+Base64.h"; sourceTree = "<group>"; };
		002DA68D1DDB24EB00E3FD6F /* NSData+Base64.m */ = {isa = PBXFileReference; fileEncoding = 4; lastKnownFileType = sourcecode.c.objc; path = "NSData+Base64.m"; sourceTree = "<group>"; };
		002DA68F1DDB24F700E3FD6F /* NSData+CommonCrypto.h */ = {isa = PBXFileReference; fileEncoding = 4; lastKnownFileType = sourcecode.c.h; path = "NSData+CommonCrypto.h"; sourceTree = "<group>"; };
		002DA6901DDB24F700E3FD6F /* NSData+CommonCrypto.m */ = {isa = PBXFileReference; fileEncoding = 4; lastKnownFileType = sourcecode.c.objc; path = "NSData+CommonCrypto.m"; sourceTree = "<group>"; };
		002DA6921DDB250200E3FD6F /* AESCrypt.h */ = {isa = PBXFileReference; fileEncoding = 4; lastKnownFileType = sourcecode.c.h; path = AESCrypt.h; sourceTree = "<group>"; };
		002DA6931DDB250200E3FD6F /* AESCrypt.m */ = {isa = PBXFileReference; fileEncoding = 4; lastKnownFileType = sourcecode.c.objc; path = AESCrypt.m; sourceTree = "<group>"; };
		0037156B1DEEABB200C13A97 /* Base */ = {isa = PBXFileReference; lastKnownFileType = file.storyboard; name = Base; path = Base.lproj/CreateAccount.storyboard; sourceTree = "<group>"; };
		0049158A1DED97D100892B8D /* UIImage+CameraFilters.h */ = {isa = PBXFileReference; fileEncoding = 4; lastKnownFileType = sourcecode.c.h; path = "UIImage+CameraFilters.h"; sourceTree = "<group>"; };
		0049158B1DED97D100892B8D /* UIImage+CameraFilters.m */ = {isa = PBXFileReference; fileEncoding = 4; lastKnownFileType = sourcecode.c.objc; path = "UIImage+CameraFilters.m"; sourceTree = "<group>"; };
		0049158D1DED97DB00892B8D /* TGCameraAuthorizationViewController.h */ = {isa = PBXFileReference; fileEncoding = 4; lastKnownFileType = sourcecode.c.h; path = TGCameraAuthorizationViewController.h; sourceTree = "<group>"; };
		0049158E1DED97DB00892B8D /* TGCameraAuthorizationViewController.m */ = {isa = PBXFileReference; fileEncoding = 4; lastKnownFileType = sourcecode.c.objc; path = TGCameraAuthorizationViewController.m; sourceTree = "<group>"; };
		0049158F1DED97DB00892B8D /* TGCameraNavigationController.h */ = {isa = PBXFileReference; fileEncoding = 4; lastKnownFileType = sourcecode.c.h; path = TGCameraNavigationController.h; sourceTree = "<group>"; };
		004915901DED97DB00892B8D /* TGCameraNavigationController.m */ = {isa = PBXFileReference; fileEncoding = 4; lastKnownFileType = sourcecode.c.objc; path = TGCameraNavigationController.m; sourceTree = "<group>"; };
		004915911DED97DB00892B8D /* TGCameraViewController.h */ = {isa = PBXFileReference; fileEncoding = 4; lastKnownFileType = sourcecode.c.h; path = TGCameraViewController.h; sourceTree = "<group>"; };
		004915921DED97DB00892B8D /* TGCameraViewController.m */ = {isa = PBXFileReference; fileEncoding = 4; lastKnownFileType = sourcecode.c.objc; path = TGCameraViewController.m; sourceTree = "<group>"; };
		004915931DED97DB00892B8D /* TGPhotoViewController.h */ = {isa = PBXFileReference; fileEncoding = 4; lastKnownFileType = sourcecode.c.h; path = TGPhotoViewController.h; sourceTree = "<group>"; };
		004915941DED97DB00892B8D /* TGPhotoViewController.m */ = {isa = PBXFileReference; fileEncoding = 4; lastKnownFileType = sourcecode.c.objc; path = TGPhotoViewController.m; sourceTree = "<group>"; };
		004915991DED97E800892B8D /* TGAlbum.h */ = {isa = PBXFileReference; fileEncoding = 4; lastKnownFileType = sourcecode.c.h; path = TGAlbum.h; sourceTree = "<group>"; };
		0049159A1DED97E800892B8D /* TGAlbum.m */ = {isa = PBXFileReference; fileEncoding = 4; lastKnownFileType = sourcecode.c.objc; path = TGAlbum.m; sourceTree = "<group>"; };
		0049159B1DED97E800892B8D /* TGAssetsLibrary.h */ = {isa = PBXFileReference; fileEncoding = 4; lastKnownFileType = sourcecode.c.h; path = TGAssetsLibrary.h; sourceTree = "<group>"; };
		0049159C1DED97E800892B8D /* TGAssetsLibrary.m */ = {isa = PBXFileReference; fileEncoding = 4; lastKnownFileType = sourcecode.c.objc; path = TGAssetsLibrary.m; sourceTree = "<group>"; };
		0049159D1DED97E800892B8D /* TGCamera.h */ = {isa = PBXFileReference; fileEncoding = 4; lastKnownFileType = sourcecode.c.h; path = TGCamera.h; sourceTree = "<group>"; };
		0049159E1DED97E800892B8D /* TGCamera.m */ = {isa = PBXFileReference; fileEncoding = 4; lastKnownFileType = sourcecode.c.objc; path = TGCamera.m; sourceTree = "<group>"; };
		0049159F1DED97E800892B8D /* TGCameraColor.h */ = {isa = PBXFileReference; fileEncoding = 4; lastKnownFileType = sourcecode.c.h; path = TGCameraColor.h; sourceTree = "<group>"; };
		004915A01DED97E800892B8D /* TGCameraColor.m */ = {isa = PBXFileReference; fileEncoding = 4; lastKnownFileType = sourcecode.c.objc; path = TGCameraColor.m; sourceTree = "<group>"; };
		004915A11DED97E800892B8D /* TGCameraFlash.h */ = {isa = PBXFileReference; fileEncoding = 4; lastKnownFileType = sourcecode.c.h; path = TGCameraFlash.h; sourceTree = "<group>"; };
		004915A21DED97E800892B8D /* TGCameraFlash.m */ = {isa = PBXFileReference; fileEncoding = 4; lastKnownFileType = sourcecode.c.objc; path = TGCameraFlash.m; sourceTree = "<group>"; };
		004915A31DED97E800892B8D /* TGCameraFocus.h */ = {isa = PBXFileReference; fileEncoding = 4; lastKnownFileType = sourcecode.c.h; path = TGCameraFocus.h; sourceTree = "<group>"; };
		004915A41DED97E800892B8D /* TGCameraFocus.m */ = {isa = PBXFileReference; fileEncoding = 4; lastKnownFileType = sourcecode.c.objc; path = TGCameraFocus.m; sourceTree = "<group>"; };
		004915A51DED97E800892B8D /* TGCameraFunctions.h */ = {isa = PBXFileReference; fileEncoding = 4; lastKnownFileType = sourcecode.c.h; path = TGCameraFunctions.h; sourceTree = "<group>"; };
		004915A61DED97E800892B8D /* TGCameraFunctions.m */ = {isa = PBXFileReference; fileEncoding = 4; lastKnownFileType = sourcecode.c.objc; path = TGCameraFunctions.m; sourceTree = "<group>"; };
		004915A71DED97E800892B8D /* TGCameraGrid.h */ = {isa = PBXFileReference; fileEncoding = 4; lastKnownFileType = sourcecode.c.h; path = TGCameraGrid.h; sourceTree = "<group>"; };
		004915A81DED97E800892B8D /* TGCameraGrid.m */ = {isa = PBXFileReference; fileEncoding = 4; lastKnownFileType = sourcecode.c.objc; path = TGCameraGrid.m; sourceTree = "<group>"; };
		004915A91DED97E800892B8D /* TGCameraShot.h */ = {isa = PBXFileReference; fileEncoding = 4; lastKnownFileType = sourcecode.c.h; path = TGCameraShot.h; sourceTree = "<group>"; };
		004915AA1DED97E800892B8D /* TGCameraShot.m */ = {isa = PBXFileReference; fileEncoding = 4; lastKnownFileType = sourcecode.c.objc; path = TGCameraShot.m; sourceTree = "<group>"; };
		004915AB1DED97E800892B8D /* TGCameraToggle.h */ = {isa = PBXFileReference; fileEncoding = 4; lastKnownFileType = sourcecode.c.h; path = TGCameraToggle.h; sourceTree = "<group>"; };
		004915AC1DED97E800892B8D /* TGCameraToggle.m */ = {isa = PBXFileReference; fileEncoding = 4; lastKnownFileType = sourcecode.c.objc; path = TGCameraToggle.m; sourceTree = "<group>"; };
		004915B71DED97F400892B8D /* TGAssetImageFile.h */ = {isa = PBXFileReference; fileEncoding = 4; lastKnownFileType = sourcecode.c.h; path = TGAssetImageFile.h; sourceTree = "<group>"; };
		004915B81DED97F400892B8D /* TGAssetImageFile.m */ = {isa = PBXFileReference; fileEncoding = 4; lastKnownFileType = sourcecode.c.objc; path = TGAssetImageFile.m; sourceTree = "<group>"; };
		004915BA1DED980100892B8D /* TGCameraFilterView.h */ = {isa = PBXFileReference; fileEncoding = 4; lastKnownFileType = sourcecode.c.h; path = TGCameraFilterView.h; sourceTree = "<group>"; };
		004915BB1DED980100892B8D /* TGCameraFilterView.m */ = {isa = PBXFileReference; fileEncoding = 4; lastKnownFileType = sourcecode.c.objc; path = TGCameraFilterView.m; sourceTree = "<group>"; };
		004915BC1DED980100892B8D /* TGCameraFocusView.h */ = {isa = PBXFileReference; fileEncoding = 4; lastKnownFileType = sourcecode.c.h; path = TGCameraFocusView.h; sourceTree = "<group>"; };
		004915BD1DED980100892B8D /* TGCameraFocusView.m */ = {isa = PBXFileReference; fileEncoding = 4; lastKnownFileType = sourcecode.c.objc; path = TGCameraFocusView.m; sourceTree = "<group>"; };
		004915BE1DED980100892B8D /* TGCameraGridView.h */ = {isa = PBXFileReference; fileEncoding = 4; lastKnownFileType = sourcecode.c.h; path = TGCameraGridView.h; sourceTree = "<group>"; };
		004915BF1DED980100892B8D /* TGCameraGridView.m */ = {isa = PBXFileReference; fileEncoding = 4; lastKnownFileType = sourcecode.c.objc; path = TGCameraGridView.m; sourceTree = "<group>"; };
		004915C01DED980100892B8D /* TGCameraSlideDownView.h */ = {isa = PBXFileReference; fileEncoding = 4; lastKnownFileType = sourcecode.c.h; path = TGCameraSlideDownView.h; sourceTree = "<group>"; };
		004915C11DED980100892B8D /* TGCameraSlideDownView.m */ = {isa = PBXFileReference; fileEncoding = 4; lastKnownFileType = sourcecode.c.objc; path = TGCameraSlideDownView.m; sourceTree = "<group>"; };
		004915C21DED980100892B8D /* TGCameraSlideUpView.h */ = {isa = PBXFileReference; fileEncoding = 4; lastKnownFileType = sourcecode.c.h; path = TGCameraSlideUpView.h; sourceTree = "<group>"; };
		004915C31DED980100892B8D /* TGCameraSlideUpView.m */ = {isa = PBXFileReference; fileEncoding = 4; lastKnownFileType = sourcecode.c.objc; path = TGCameraSlideUpView.m; sourceTree = "<group>"; };
		004915C41DED980100892B8D /* TGCameraSlideView.h */ = {isa = PBXFileReference; fileEncoding = 4; lastKnownFileType = sourcecode.c.h; path = TGCameraSlideView.h; sourceTree = "<group>"; };
		004915C51DED980100892B8D /* TGCameraSlideView.m */ = {isa = PBXFileReference; fileEncoding = 4; lastKnownFileType = sourcecode.c.objc; path = TGCameraSlideView.m; sourceTree = "<group>"; };
		004915C61DED980100892B8D /* TGTintedButton.h */ = {isa = PBXFileReference; fileEncoding = 4; lastKnownFileType = sourcecode.c.h; path = TGTintedButton.h; sourceTree = "<group>"; };
		004915C71DED980100892B8D /* TGTintedButton.m */ = {isa = PBXFileReference; fileEncoding = 4; lastKnownFileType = sourcecode.c.objc; path = TGTintedButton.m; sourceTree = "<group>"; };
		004915C81DED980100892B8D /* TGTintedLabel.h */ = {isa = PBXFileReference; fileEncoding = 4; lastKnownFileType = sourcecode.c.h; path = TGTintedLabel.h; sourceTree = "<group>"; };
		004915C91DED980100892B8D /* TGTintedLabel.m */ = {isa = PBXFileReference; fileEncoding = 4; lastKnownFileType = sourcecode.c.objc; path = TGTintedLabel.m; sourceTree = "<group>"; };
		004915D21DED981A00892B8D /* TGCameraAuthorizationViewController.xib */ = {isa = PBXFileReference; fileEncoding = 4; lastKnownFileType = file.xib; path = TGCameraAuthorizationViewController.xib; sourceTree = "<group>"; };
		004915D31DED981A00892B8D /* TGCameraViewController.xib */ = {isa = PBXFileReference; fileEncoding = 4; lastKnownFileType = file.xib; path = TGCameraViewController.xib; sourceTree = "<group>"; };
		004915D41DED981A00892B8D /* TGPhotoViewController.xib */ = {isa = PBXFileReference; fileEncoding = 4; lastKnownFileType = file.xib; path = TGPhotoViewController.xib; sourceTree = "<group>"; };
		004915DD1DED98C600892B8D /* TGCameraViewController.bundle */ = {isa = PBXFileReference; lastKnownFileType = "wrapper.plug-in"; path = TGCameraViewController.bundle; sourceTree = "<group>"; };
		0056F9FD1DF8A3350059475E /* UpdateAccountViewController.h */ = {isa = PBXFileReference; fileEncoding = 4; lastKnownFileType = sourcecode.c.h; path = UpdateAccountViewController.h; sourceTree = "<group>"; };
		0056F9FE1DF8A3350059475E /* UpdateAccountViewController.m */ = {isa = PBXFileReference; fileEncoding = 4; lastKnownFileType = sourcecode.c.objc; path = UpdateAccountViewController.m; sourceTree = "<group>"; };
		0056FA001DF8E33C0059475E /* UpdatePasswordViewController.h */ = {isa = PBXFileReference; fileEncoding = 4; lastKnownFileType = sourcecode.c.h; path = UpdatePasswordViewController.h; sourceTree = "<group>"; };
		0056FA011DF8E33C0059475E /* UpdatePasswordViewController.m */ = {isa = PBXFileReference; fileEncoding = 4; lastKnownFileType = sourcecode.c.objc; path = UpdatePasswordViewController.m; sourceTree = "<group>"; };
		005A553A1E0209E700E461CA /* Hockd iOS App.entitlements */ = {isa = PBXFileReference; lastKnownFileType = text.plist.entitlements; path = "Hockd iOS App.entitlements"; sourceTree = "<group>"; };
		006080201E0A6564007F0CC9 /* 1.jpg */ = {isa = PBXFileReference; lastKnownFileType = image.jpeg; path = 1.jpg; sourceTree = "<group>"; };
		006080211E0A6564007F0CC9 /* 2.jpg */ = {isa = PBXFileReference; lastKnownFileType = image.jpeg; path = 2.jpg; sourceTree = "<group>"; };
		006080221E0A6564007F0CC9 /* 3.jpg */ = {isa = PBXFileReference; lastKnownFileType = image.jpeg; path = 3.jpg; sourceTree = "<group>"; };
		006080231E0A6564007F0CC9 /* 4.jpg */ = {isa = PBXFileReference; lastKnownFileType = image.jpeg; path = 4.jpg; sourceTree = "<group>"; };
		006080241E0A6564007F0CC9 /* 5.jpg */ = {isa = PBXFileReference; lastKnownFileType = image.jpeg; path = 5.jpg; sourceTree = "<group>"; };
		006080251E0A6564007F0CC9 /* 6.JPG */ = {isa = PBXFileReference; lastKnownFileType = image.jpeg; path = 6.JPG; sourceTree = "<group>"; };
		006080261E0A6564007F0CC9 /* 7.JPG */ = {isa = PBXFileReference; lastKnownFileType = image.jpeg; path = 7.JPG; sourceTree = "<group>"; };
		006080271E0A6564007F0CC9 /* 8.JPG */ = {isa = PBXFileReference; lastKnownFileType = image.jpeg; path = 8.JPG; sourceTree = "<group>"; };
		006080281E0A6564007F0CC9 /* 9.JPG */ = {isa = PBXFileReference; lastKnownFileType = image.jpeg; path = 9.JPG; sourceTree = "<group>"; };
		006080291E0A6564007F0CC9 /* 10.JPG */ = {isa = PBXFileReference; lastKnownFileType = image.jpeg; path = 10.JPG; sourceTree = "<group>"; };
		006144581E3731ED00E98A2B /* MyItemFullScreenViewController.h */ = {isa = PBXFileReference; fileEncoding = 4; lastKnownFileType = sourcecode.c.h; path = MyItemFullScreenViewController.h; sourceTree = "<group>"; };
		006144591E3731ED00E98A2B /* MyItemFullScreenViewController.m */ = {isa = PBXFileReference; fileEncoding = 4; lastKnownFileType = sourcecode.c.objc; path = MyItemFullScreenViewController.m; sourceTree = "<group>"; };
		0088447B1E3883C30042ACF5 /* AssetsAcceptedViewController.h */ = {isa = PBXFileReference; fileEncoding = 4; lastKnownFileType = sourcecode.c.h; path = AssetsAcceptedViewController.h; sourceTree = "<group>"; };
		0088447C1E3883C30042ACF5 /* AssetsAcceptedViewController.m */ = {isa = PBXFileReference; fileEncoding = 4; lastKnownFileType = sourcecode.c.objc; path = AssetsAcceptedViewController.m; sourceTree = "<group>"; };
		0088447E1E3883DE0042ACF5 /* HowItWorksViewController.h */ = {isa = PBXFileReference; fileEncoding = 4; lastKnownFileType = sourcecode.c.h; path = HowItWorksViewController.h; sourceTree = "<group>"; };
		0088447F1E3883DE0042ACF5 /* HowItWorksViewController.m */ = {isa = PBXFileReference; fileEncoding = 4; lastKnownFileType = sourcecode.c.objc; path = HowItWorksViewController.m; sourceTree = "<group>"; };
		008844811E3884040042ACF5 /* FAQViewController.h */ = {isa = PBXFileReference; fileEncoding = 4; lastKnownFileType = sourcecode.c.h; path = FAQViewController.h; sourceTree = "<group>"; };
		008844821E3884040042ACF5 /* FAQViewController.m */ = {isa = PBXFileReference; fileEncoding = 4; lastKnownFileType = sourcecode.c.objc; path = FAQViewController.m; sourceTree = "<group>"; };
		008844841E38841F0042ACF5 /* ContactUsViewController.h */ = {isa = PBXFileReference; fileEncoding = 4; lastKnownFileType = sourcecode.c.h; path = ContactUsViewController.h; sourceTree = "<group>"; };
		008844851E38841F0042ACF5 /* ContactUsViewController.m */ = {isa = PBXFileReference; fileEncoding = 4; lastKnownFileType = sourcecode.c.objc; path = ContactUsViewController.m; sourceTree = "<group>"; };
		008844871E3884310042ACF5 /* ViewProfileViewController.h */ = {isa = PBXFileReference; fileEncoding = 4; lastKnownFileType = sourcecode.c.h; path = ViewProfileViewController.h; sourceTree = "<group>"; };
		008844881E3884310042ACF5 /* ViewProfileViewController.m */ = {isa = PBXFileReference; fileEncoding = 4; lastKnownFileType = sourcecode.c.objc; path = ViewProfileViewController.m; sourceTree = "<group>"; };
		00A100D31D6D954700ADDBCF /* SearchTableViewController.h */ = {isa = PBXFileReference; fileEncoding = 4; lastKnownFileType = sourcecode.c.h; path = SearchTableViewController.h; sourceTree = "<group>"; };
		00A100D41D6D954700ADDBCF /* SearchTableViewController.m */ = {isa = PBXFileReference; fileEncoding = 4; lastKnownFileType = sourcecode.c.objc; path = SearchTableViewController.m; sourceTree = "<group>"; };
		00A100D61D6D960D00ADDBCF /* MyItemsTableViewController.h */ = {isa = PBXFileReference; fileEncoding = 4; lastKnownFileType = sourcecode.c.h; path = MyItemsTableViewController.h; sourceTree = "<group>"; };
		00A100D71D6D960D00ADDBCF /* MyItemsTableViewController.m */ = {isa = PBXFileReference; fileEncoding = 4; lastKnownFileType = sourcecode.c.objc; path = MyItemsTableViewController.m; sourceTree = "<group>"; };
		00A100D91D6D968200ADDBCF /* MessagesViewController.h */ = {isa = PBXFileReference; fileEncoding = 4; lastKnownFileType = sourcecode.c.h; path = MessagesViewController.h; sourceTree = "<group>"; };
		00A100DA1D6D968200ADDBCF /* MessagesViewController.m */ = {isa = PBXFileReference; fileEncoding = 4; lastKnownFileType = sourcecode.c.objc; path = MessagesViewController.m; sourceTree = "<group>"; };
		00A100DC1D6D96D000ADDBCF /* SettingsViewController.h */ = {isa = PBXFileReference; fileEncoding = 4; lastKnownFileType = sourcecode.c.h; path = SettingsViewController.h; sourceTree = "<group>"; };
		00A100DD1D6D96D000ADDBCF /* SettingsViewController.m */ = {isa = PBXFileReference; fileEncoding = 4; lastKnownFileType = sourcecode.c.objc; path = SettingsViewController.m; sourceTree = "<group>"; };
		00A100E21D6D971D00ADDBCF /* HockViewController.h */ = {isa = PBXFileReference; fileEncoding = 4; lastKnownFileType = sourcecode.c.h; path = HockViewController.h; sourceTree = "<group>"; };
		00A100E31D6D971D00ADDBCF /* HockViewController.m */ = {isa = PBXFileReference; fileEncoding = 4; lastKnownFileType = sourcecode.c.objc; path = HockViewController.m; sourceTree = "<group>"; };
		00DAA2F81DCAA15400098ECC /* Login.h */ = {isa = PBXFileReference; fileEncoding = 4; lastKnownFileType = sourcecode.c.h; path = Login.h; sourceTree = "<group>"; };
		00DAA2F91DCAA15400098ECC /* Login.m */ = {isa = PBXFileReference; fileEncoding = 4; lastKnownFileType = sourcecode.c.objc; path = Login.m; sourceTree = "<group>"; };
		00DAA2FD1DCDD18500098ECC /* SF Orson Casual Heavy Reg FONT */ = {isa = PBXFileReference; lastKnownFileType = folder; path = "SF Orson Casual Heavy Reg FONT"; sourceTree = "<group>"; };
		00DAA3021DD19D2400098ECC /* CreateAccountViewController.h */ = {isa = PBXFileReference; fileEncoding = 4; lastKnownFileType = sourcecode.c.h; path = CreateAccountViewController.h; sourceTree = "<group>"; };
		00DAA3031DD19D2400098ECC /* CreateAccountViewController.m */ = {isa = PBXFileReference; fileEncoding = 4; lastKnownFileType = sourcecode.c.objc; path = CreateAccountViewController.m; sourceTree = "<group>"; };
		00DAA3051DD1A1AA00098ECC /* CredentialCheckViewController.h */ = {isa = PBXFileReference; fileEncoding = 4; lastKnownFileType = sourcecode.c.h; path = CredentialCheckViewController.h; sourceTree = "<group>"; };
		00DAA3061DD1A1AA00098ECC /* CredentialCheckViewController.m */ = {isa = PBXFileReference; fileEncoding = 4; lastKnownFileType = sourcecode.c.objc; path = CredentialCheckViewController.m; sourceTree = "<group>"; };
		00E7F1031D7E914800297AAD /* Settings.storyboard */ = {isa = PBXFileReference; fileEncoding = 4; lastKnownFileType = file.storyboard; name = Settings.storyboard; path = ../Settings.storyboard; sourceTree = "<group>"; };
		00E7F1061D7E919A00297AAD /* Base */ = {isa = PBXFileReference; lastKnownFileType = file.storyboard; name = Base; path = Base.lproj/Hock.storyboard; sourceTree = "<group>"; };
		00E7F1081D7E91CC00297AAD /* Messages.storyboard */ = {isa = PBXFileReference; fileEncoding = 4; lastKnownFileType = file.storyboard; path = Messages.storyboard; sourceTree = "<group>"; };
		00E7F10B1D7E920F00297AAD /* Base */ = {isa = PBXFileReference; lastKnownFileType = file.storyboard; name = Base; path = Base.lproj/MyItems.storyboard; sourceTree = "<group>"; };
		00E7F10D1D7E92B300297AAD /* Search.storyboard */ = {isa = PBXFileReference; fileEncoding = 4; lastKnownFileType = file.storyboard; path = Search.storyboard; sourceTree = "<group>"; };
		00EE3F271E2F44C700BE3E59 /* AllItem.h */ = {isa = PBXFileReference; fileEncoding = 4; lastKnownFileType = sourcecode.c.h; path = AllItem.h; sourceTree = "<group>"; };
		00EE3F281E2F44C700BE3E59 /* AllItem.m */ = {isa = PBXFileReference; fileEncoding = 4; lastKnownFileType = sourcecode.c.objc; path = AllItem.m; sourceTree = "<group>"; };
		00EE3F2A1E2F543300BE3E59 /* AllItemTVCell.h */ = {isa = PBXFileReference; fileEncoding = 4; lastKnownFileType = sourcecode.c.h; path = AllItemTVCell.h; sourceTree = "<group>"; };
		00EE3F2B1E2F543300BE3E59 /* AllItemTVCell.m */ = {isa = PBXFileReference; fileEncoding = 4; lastKnownFileType = sourcecode.c.objc; path = AllItemTVCell.m; sourceTree = "<group>"; };
		00F499541D76BBA600641ACE /* User.h */ = {isa = PBXFileReference; fileEncoding = 4; lastKnownFileType = sourcecode.c.h; path = User.h; sourceTree = "<group>"; };
		00F499551D76BBA600641ACE /* User.m */ = {isa = PBXFileReference; fileEncoding = 4; lastKnownFileType = sourcecode.c.objc; path = User.m; sourceTree = "<group>"; };
		00F499571D76BD9400641ACE /* MyItem.h */ = {isa = PBXFileReference; fileEncoding = 4; lastKnownFileType = sourcecode.c.h; path = MyItem.h; sourceTree = "<group>"; };
		00F499581D76BD9400641ACE /* MyItem.m */ = {isa = PBXFileReference; fileEncoding = 4; lastKnownFileType = sourcecode.c.objc; path = MyItem.m; sourceTree = "<group>"; };
		00F4995A1D76C71700641ACE /* Address.h */ = {isa = PBXFileReference; fileEncoding = 4; lastKnownFileType = sourcecode.c.h; path = Address.h; sourceTree = "<group>"; };
		00F4995B1D76C71700641ACE /* Address.m */ = {isa = PBXFileReference; fileEncoding = 4; lastKnownFileType = sourcecode.c.objc; path = Address.m; sourceTree = "<group>"; };
		00F4995D1D76CA2000641ACE /* DataSource.h */ = {isa = PBXFileReference; fileEncoding = 4; lastKnownFileType = sourcecode.c.h; path = DataSource.h; sourceTree = "<group>"; };
		00F4995E1D76CA2000641ACE /* DataSource.m */ = {isa = PBXFileReference; fileEncoding = 4; lastKnownFileType = sourcecode.c.objc; path = DataSource.m; sourceTree = "<group>"; };
		00FBCB3D1D829142002DD04D /* HockPostedViewController.h */ = {isa = PBXFileReference; fileEncoding = 4; lastKnownFileType = sourcecode.c.h; path = HockPostedViewController.h; sourceTree = "<group>"; };
		00FBCB3E1D829142002DD04D /* HockPostedViewController.m */ = {isa = PBXFileReference; fileEncoding = 4; lastKnownFileType = sourcecode.c.objc; path = HockPostedViewController.m; sourceTree = "<group>"; };
		1A2CA18693A014142F9F0902 /* Pods-Hockd iOS App.debug.xcconfig */ = {isa = PBXFileReference; includeInIndex = 1; lastKnownFileType = text.xcconfig; name = "Pods-Hockd iOS App.debug.xcconfig"; path = "../Pods/Target Support Files/Pods-Hockd iOS App/Pods-Hockd iOS App.debug.xcconfig"; sourceTree = "<group>"; };
		89AE3D22AADECC508A808DD2 /* libPods-Hockd iOS App.a */ = {isa = PBXFileReference; explicitFileType = archive.ar; includeInIndex = 0; path = "libPods-Hockd iOS App.a"; sourceTree = BUILT_PRODUCTS_DIR; };
		CA15EA60AD0BAA6B847FF3B6 /* Pods-Hockd iOS App.release.xcconfig */ = {isa = PBXFileReference; includeInIndex = 1; lastKnownFileType = text.xcconfig; name = "Pods-Hockd iOS App.release.xcconfig"; path = "../Pods/Target Support Files/Pods-Hockd iOS App/Pods-Hockd iOS App.release.xcconfig"; sourceTree = "<group>"; };
/* End PBXFileReference section */

/* Begin PBXFrameworksBuildPhase section */
		000E02851D618CD700AD71BC /* Frameworks */ = {
			isa = PBXFrameworksBuildPhase;
			buildActionMask = 2147483647;
			files = (
				C9C154A470AF5AE829DD3028 /* libPods-Hockd iOS App.a in Frameworks */,
			);
			runOnlyForDeploymentPostprocessing = 0;
		};
		000E029E1D618CD800AD71BC /* Frameworks */ = {
			isa = PBXFrameworksBuildPhase;
			buildActionMask = 2147483647;
			files = (
			);
			runOnlyForDeploymentPostprocessing = 0;
		};
		000E02A91D618CD800AD71BC /* Frameworks */ = {
			isa = PBXFrameworksBuildPhase;
			buildActionMask = 2147483647;
			files = (
			);
			runOnlyForDeploymentPostprocessing = 0;
		};
/* End PBXFrameworksBuildPhase section */

/* Begin PBXGroup section */
		000E027F1D618CD700AD71BC = {
			isa = PBXGroup;
			children = (
				00DAA2FD1DCDD18500098ECC /* SF Orson Casual Heavy Reg FONT */,
				000E028A1D618CD800AD71BC /* Hockd iOS App */,
				000E02A41D618CD800AD71BC /* Hockd iOS AppTests */,
				000E02AF1D618CD800AD71BC /* Hockd iOS AppUITests */,
				000E02891D618CD700AD71BC /* Products */,
				F7EB93C8E3E10473BC7157E3 /* Pods */,
				DB5E372825425F0F62E44E9A /* Frameworks */,
			);
			sourceTree = "<group>";
		};
		000E02891D618CD700AD71BC /* Products */ = {
			isa = PBXGroup;
			children = (
				000E02881D618CD700AD71BC /* Hockd iOS App.app */,
				000E02A11D618CD800AD71BC /* Hockd iOS AppTests.xctest */,
				000E02AC1D618CD800AD71BC /* Hockd iOS AppUITests.xctest */,
			);
			name = Products;
			sourceTree = "<group>";
		};
		000E028A1D618CD800AD71BC /* Hockd iOS App */ = {
			isa = PBXGroup;
			children = (
				0088448A1E3884540042ACF5 /* Objects & DataSource */,
				0088448B1E3884A40042ACF5 /* Login VCs */,
				0088448C1E3885070042ACF5 /* Search */,
				0088448D1E3885190042ACF5 /* My Items */,
				0088448E1E3885370042ACF5 /* Messages */,
				0088448F1E3885490042ACF5 /* Hock */,
				008844901E38855D0042ACF5 /* Settings */,
				005A553A1E0209E700E461CA /* Hockd iOS App.entitlements */,
				0060801F1E0A64F0007F0CC9 /* Images */,
				008844911E3885780042ACF5 /* AESCrypt */,
				004915DA1DED986300892B8D /* TGCameraClasses */,
				004915DC1DED98A400892B8D /* TGCameraResources */,
				004915DF1DED98D400892B8D /* TGCameraViewController.xcassets */,
				000E02941D618CD800AD71BC /* Main.storyboard */,
				0037156A1DEEABB200C13A97 /* CreateAccount.storyboard */,
				00E7F10D1D7E92B300297AAD /* Search.storyboard */,
				00E7F10A1D7E920F00297AAD /* MyItems.storyboard */,
				00E7F1081D7E91CC00297AAD /* Messages.storyboard */,
				00E7F1051D7E919A00297AAD /* Hock.storyboard */,
				00E7F1031D7E914800297AAD /* Settings.storyboard */,
				000E02971D618CD800AD71BC /* Assets.xcassets */,
				000E02991D618CD800AD71BC /* LaunchScreen.storyboard */,
				000E029C1D618CD800AD71BC /* Info.plist */,
				000E028B1D618CD800AD71BC /* Supporting Files */,
			);
			path = "Hockd iOS App";
			sourceTree = "<group>";
		};
		000E028B1D618CD800AD71BC /* Supporting Files */ = {
			isa = PBXGroup;
			children = (
				000E028C1D618CD800AD71BC /* main.m */,
			);
			name = "Supporting Files";
			sourceTree = "<group>";
		};
		000E02A41D618CD800AD71BC /* Hockd iOS AppTests */ = {
			isa = PBXGroup;
			children = (
				000E02A51D618CD800AD71BC /* Hockd_iOS_AppTests.m */,
				000E02A71D618CD800AD71BC /* Info.plist */,
			);
			path = "Hockd iOS AppTests";
			sourceTree = "<group>";
		};
		000E02AF1D618CD800AD71BC /* Hockd iOS AppUITests */ = {
			isa = PBXGroup;
			children = (
				000E02B01D618CD800AD71BC /* Hockd_iOS_AppUITests.m */,
				000E02B21D618CD800AD71BC /* Info.plist */,
			);
			path = "Hockd iOS AppUITests";
			sourceTree = "<group>";
		};
		004915DA1DED986300892B8D /* TGCameraClasses */ = {
			isa = PBXGroup;
			children = (
				0049158A1DED97D100892B8D /* UIImage+CameraFilters.h */,
				0049158B1DED97D100892B8D /* UIImage+CameraFilters.m */,
				0049158D1DED97DB00892B8D /* TGCameraAuthorizationViewController.h */,
				0049158E1DED97DB00892B8D /* TGCameraAuthorizationViewController.m */,
				0049158F1DED97DB00892B8D /* TGCameraNavigationController.h */,
				004915901DED97DB00892B8D /* TGCameraNavigationController.m */,
				004915911DED97DB00892B8D /* TGCameraViewController.h */,
				004915921DED97DB00892B8D /* TGCameraViewController.m */,
				004915931DED97DB00892B8D /* TGPhotoViewController.h */,
				004915941DED97DB00892B8D /* TGPhotoViewController.m */,
				004915991DED97E800892B8D /* TGAlbum.h */,
				0049159A1DED97E800892B8D /* TGAlbum.m */,
				0049159B1DED97E800892B8D /* TGAssetsLibrary.h */,
				0049159C1DED97E800892B8D /* TGAssetsLibrary.m */,
				0049159D1DED97E800892B8D /* TGCamera.h */,
				0049159E1DED97E800892B8D /* TGCamera.m */,
				0049159F1DED97E800892B8D /* TGCameraColor.h */,
				004915A01DED97E800892B8D /* TGCameraColor.m */,
				004915A11DED97E800892B8D /* TGCameraFlash.h */,
				004915A21DED97E800892B8D /* TGCameraFlash.m */,
				004915A31DED97E800892B8D /* TGCameraFocus.h */,
				004915A41DED97E800892B8D /* TGCameraFocus.m */,
				004915A51DED97E800892B8D /* TGCameraFunctions.h */,
				004915A61DED97E800892B8D /* TGCameraFunctions.m */,
				004915A71DED97E800892B8D /* TGCameraGrid.h */,
				004915A81DED97E800892B8D /* TGCameraGrid.m */,
				004915A91DED97E800892B8D /* TGCameraShot.h */,
				004915AA1DED97E800892B8D /* TGCameraShot.m */,
				004915AB1DED97E800892B8D /* TGCameraToggle.h */,
				004915AC1DED97E800892B8D /* TGCameraToggle.m */,
				004915B71DED97F400892B8D /* TGAssetImageFile.h */,
				004915B81DED97F400892B8D /* TGAssetImageFile.m */,
				004915BA1DED980100892B8D /* TGCameraFilterView.h */,
				004915BB1DED980100892B8D /* TGCameraFilterView.m */,
				004915BC1DED980100892B8D /* TGCameraFocusView.h */,
				004915BD1DED980100892B8D /* TGCameraFocusView.m */,
				004915BE1DED980100892B8D /* TGCameraGridView.h */,
				004915BF1DED980100892B8D /* TGCameraGridView.m */,
				004915C01DED980100892B8D /* TGCameraSlideDownView.h */,
				004915C11DED980100892B8D /* TGCameraSlideDownView.m */,
				004915C21DED980100892B8D /* TGCameraSlideUpView.h */,
				004915C31DED980100892B8D /* TGCameraSlideUpView.m */,
				004915C41DED980100892B8D /* TGCameraSlideView.h */,
				004915C51DED980100892B8D /* TGCameraSlideView.m */,
				004915C61DED980100892B8D /* TGTintedButton.h */,
				004915C71DED980100892B8D /* TGTintedButton.m */,
				004915C81DED980100892B8D /* TGTintedLabel.h */,
				004915C91DED980100892B8D /* TGTintedLabel.m */,
				004915D21DED981A00892B8D /* TGCameraAuthorizationViewController.xib */,
				004915D31DED981A00892B8D /* TGCameraViewController.xib */,
				004915D41DED981A00892B8D /* TGPhotoViewController.xib */,
			);
			name = TGCameraClasses;
			sourceTree = "<group>";
		};
		004915DC1DED98A400892B8D /* TGCameraResources */ = {
			isa = PBXGroup;
			children = (
				004915DD1DED98C600892B8D /* TGCameraViewController.bundle */,
			);
			name = TGCameraResources;
			sourceTree = "<group>";
		};
		004915DF1DED98D400892B8D /* TGCameraViewController.xcassets */ = {
			isa = PBXGroup;
			children = (
			);
			name = TGCameraViewController.xcassets;
			sourceTree = "<group>";
		};
		0060801F1E0A64F0007F0CC9 /* Images */ = {
			isa = PBXGroup;
			children = (
				006080201E0A6564007F0CC9 /* 1.jpg */,
				006080211E0A6564007F0CC9 /* 2.jpg */,
				006080221E0A6564007F0CC9 /* 3.jpg */,
				006080231E0A6564007F0CC9 /* 4.jpg */,
				006080241E0A6564007F0CC9 /* 5.jpg */,
				006080251E0A6564007F0CC9 /* 6.JPG */,
				006080261E0A6564007F0CC9 /* 7.JPG */,
				006080271E0A6564007F0CC9 /* 8.JPG */,
				006080281E0A6564007F0CC9 /* 9.JPG */,
				006080291E0A6564007F0CC9 /* 10.JPG */,
			);
			name = Images;
			sourceTree = "<group>";
		};
		0088448A1E3884540042ACF5 /* Objects & DataSource */ = {
			isa = PBXGroup;
			children = (
				000E028E1D618CD800AD71BC /* AppDelegate.h */,
				000E028F1D618CD800AD71BC /* AppDelegate.m */,
				00DAA2F81DCAA15400098ECC /* Login.h */,
				00DAA2F91DCAA15400098ECC /* Login.m */,
				00F499541D76BBA600641ACE /* User.h */,
				00F499551D76BBA600641ACE /* User.m */,
				00F499571D76BD9400641ACE /* MyItem.h */,
				00F499581D76BD9400641ACE /* MyItem.m */,
				00EE3F271E2F44C700BE3E59 /* AllItem.h */,
				00EE3F281E2F44C700BE3E59 /* AllItem.m */,
				00F4995A1D76C71700641ACE /* Address.h */,
				00F4995B1D76C71700641ACE /* Address.m */,
				00F4995D1D76CA2000641ACE /* DataSource.h */,
				00F4995E1D76CA2000641ACE /* DataSource.m */,
			);
			name = "Objects & DataSource";
			sourceTree = "<group>";
		};
		0088448B1E3884A40042ACF5 /* Login VCs */ = {
			isa = PBXGroup;
			children = (
				000E02911D618CD800AD71BC /* LoginViewController.h */,
				000E02921D618CD800AD71BC /* LoginViewController.m */,
				00DAA3051DD1A1AA00098ECC /* CredentialCheckViewController.h */,
				00DAA3061DD1A1AA00098ECC /* CredentialCheckViewController.m */,
				00DAA3021DD19D2400098ECC /* CreateAccountViewController.h */,
				00DAA3031DD19D2400098ECC /* CreateAccountViewController.m */,
				000E02C71D6AB89C00AD71BC /* ForgotPasswordViewController.h */,
				000E02C81D6AB89C00AD71BC /* ForgotPasswordViewController.m */,
			);
			name = "Login VCs";
			sourceTree = "<group>";
		};
		0088448C1E3885070042ACF5 /* Search */ = {
			isa = PBXGroup;
			children = (
				00A100D31D6D954700ADDBCF /* SearchTableViewController.h */,
				00A100D41D6D954700ADDBCF /* SearchTableViewController.m */,
				00EE3F2A1E2F543300BE3E59 /* AllItemTVCell.h */,
				00EE3F2B1E2F543300BE3E59 /* AllItemTVCell.m */,
			);
			name = Search;
			sourceTree = "<group>";
		};
		0088448D1E3885190042ACF5 /* My Items */ = {
			isa = PBXGroup;
			children = (
				00A100D61D6D960D00ADDBCF /* MyItemsTableViewController.h */,
				00A100D71D6D960D00ADDBCF /* MyItemsTableViewController.m */,
				001E81561D892F7000DE27EA /* MyItemTVCell.h */,
				001E81571D892F7000DE27EA /* MyItemTVCell.m */,
				006144581E3731ED00E98A2B /* MyItemFullScreenViewController.h */,
				006144591E3731ED00E98A2B /* MyItemFullScreenViewController.m */,
			);
			name = "My Items";
			sourceTree = "<group>";
		};
		0088448E1E3885370042ACF5 /* Messages */ = {
			isa = PBXGroup;
			children = (
				00A100D91D6D968200ADDBCF /* MessagesViewController.h */,
				00A100DA1D6D968200ADDBCF /* MessagesViewController.m */,
			);
			name = Messages;
			sourceTree = "<group>";
		};
		0088448F1E3885490042ACF5 /* Hock */ = {
			isa = PBXGroup;
			children = (
				00A100E21D6D971D00ADDBCF /* HockViewController.h */,
				00A100E31D6D971D00ADDBCF /* HockViewController.m */,
				00FBCB3D1D829142002DD04D /* HockPostedViewController.h */,
				00FBCB3E1D829142002DD04D /* HockPostedViewController.m */,
			);
			name = Hock;
			sourceTree = "<group>";
		};
		008844901E38855D0042ACF5 /* Settings */ = {
			isa = PBXGroup;
			children = (
				00A100DC1D6D96D000ADDBCF /* SettingsViewController.h */,
				00A100DD1D6D96D000ADDBCF /* SettingsViewController.m */,
				008844871E3884310042ACF5 /* ViewProfileViewController.h */,
				008844881E3884310042ACF5 /* ViewProfileViewController.m */,
				0056F9FD1DF8A3350059475E /* UpdateAccountViewController.h */,
				0056F9FE1DF8A3350059475E /* UpdateAccountViewController.m */,
				0056FA001DF8E33C0059475E /* UpdatePasswordViewController.h */,
				0056FA011DF8E33C0059475E /* UpdatePasswordViewController.m */,
				0088447B1E3883C30042ACF5 /* AssetsAcceptedViewController.h */,
				0088447C1E3883C30042ACF5 /* AssetsAcceptedViewController.m */,
				0088447E1E3883DE0042ACF5 /* HowItWorksViewController.h */,
				0088447F1E3883DE0042ACF5 /* HowItWorksViewController.m */,
				008844811E3884040042ACF5 /* FAQViewController.h */,
				008844821E3884040042ACF5 /* FAQViewController.m */,
				008844841E38841F0042ACF5 /* ContactUsViewController.h */,
				008844851E38841F0042ACF5 /* ContactUsViewController.m */,
			);
			name = Settings;
			sourceTree = "<group>";
		};
		008844911E3885780042ACF5 /* AESCrypt */ = {
			isa = PBXGroup;
			children = (
				002DA6921DDB250200E3FD6F /* AESCrypt.h */,
				002DA6931DDB250200E3FD6F /* AESCrypt.m */,
				002DA68F1DDB24F700E3FD6F /* NSData+CommonCrypto.h */,
				002DA6901DDB24F700E3FD6F /* NSData+CommonCrypto.m */,
				002DA68C1DDB24EB00E3FD6F /* NSData+Base64.h */,
				002DA68D1DDB24EB00E3FD6F /* NSData+Base64.m */,
				002DA68B1DDB24E000E3FD6F /* NSString+Base64.h */,
				002DA6891DDB24CB00E3FD6F /* NSString+Base64.m */,
			);
			name = AESCrypt;
			sourceTree = "<group>";
		};
		DB5E372825425F0F62E44E9A /* Frameworks */ = {
			isa = PBXGroup;
			children = (
				89AE3D22AADECC508A808DD2 /* libPods-Hockd iOS App.a */,
			);
			name = Frameworks;
			sourceTree = "<group>";
		};
		F7EB93C8E3E10473BC7157E3 /* Pods */ = {
			isa = PBXGroup;
			children = (
				1A2CA18693A014142F9F0902 /* Pods-Hockd iOS App.debug.xcconfig */,
				CA15EA60AD0BAA6B847FF3B6 /* Pods-Hockd iOS App.release.xcconfig */,
			);
			name = Pods;
			sourceTree = "<group>";
		};
/* End PBXGroup section */

/* Begin PBXNativeTarget section */
		000E02871D618CD700AD71BC /* Hockd iOS App */ = {
			isa = PBXNativeTarget;
			buildConfigurationList = 000E02B51D618CD800AD71BC /* Build configuration list for PBXNativeTarget "Hockd iOS App" */;
			buildPhases = (
				AFCACC7798850CA359CF687F /* [CP] Check Pods Manifest.lock */,
				000E02841D618CD700AD71BC /* Sources */,
				000E02851D618CD700AD71BC /* Frameworks */,
				000E02861D618CD700AD71BC /* Resources */,
				AA41AA727A7E54B6F8B3D356 /* [CP] Embed Pods Frameworks */,
				46C098C300CF4056403EB3D4 /* [CP] Copy Pods Resources */,
			);
			buildRules = (
			);
			dependencies = (
			);
			name = "Hockd iOS App";
			productName = "Hockd iOS App";
			productReference = 000E02881D618CD700AD71BC /* Hockd iOS App.app */;
			productType = "com.apple.product-type.application";
		};
		000E02A01D618CD800AD71BC /* Hockd iOS AppTests */ = {
			isa = PBXNativeTarget;
			buildConfigurationList = 000E02B81D618CD800AD71BC /* Build configuration list for PBXNativeTarget "Hockd iOS AppTests" */;
			buildPhases = (
				000E029D1D618CD800AD71BC /* Sources */,
				000E029E1D618CD800AD71BC /* Frameworks */,
				000E029F1D618CD800AD71BC /* Resources */,
			);
			buildRules = (
			);
			dependencies = (
				000E02A31D618CD800AD71BC /* PBXTargetDependency */,
			);
			name = "Hockd iOS AppTests";
			productName = "Hockd iOS AppTests";
			productReference = 000E02A11D618CD800AD71BC /* Hockd iOS AppTests.xctest */;
			productType = "com.apple.product-type.bundle.unit-test";
		};
		000E02AB1D618CD800AD71BC /* Hockd iOS AppUITests */ = {
			isa = PBXNativeTarget;
			buildConfigurationList = 000E02BB1D618CD800AD71BC /* Build configuration list for PBXNativeTarget "Hockd iOS AppUITests" */;
			buildPhases = (
				000E02A81D618CD800AD71BC /* Sources */,
				000E02A91D618CD800AD71BC /* Frameworks */,
				000E02AA1D618CD800AD71BC /* Resources */,
			);
			buildRules = (
			);
			dependencies = (
				000E02AE1D618CD800AD71BC /* PBXTargetDependency */,
			);
			name = "Hockd iOS AppUITests";
			productName = "Hockd iOS AppUITests";
			productReference = 000E02AC1D618CD800AD71BC /* Hockd iOS AppUITests.xctest */;
			productType = "com.apple.product-type.bundle.ui-testing";
		};
/* End PBXNativeTarget section */

/* Begin PBXProject section */
		000E02801D618CD700AD71BC /* Project object */ = {
			isa = PBXProject;
			attributes = {
				LastUpgradeCheck = 0800;
				ORGANIZATIONNAME = HOCKD;
				TargetAttributes = {
					000E02871D618CD700AD71BC = {
						CreatedOnToolsVersion = 7.3.1;
						DevelopmentTeam = U5L5YPF9GQ;
						ProvisioningStyle = Automatic;
						SystemCapabilities = {
							com.apple.Keychain = {
								enabled = 1;
							};
						};
					};
					000E02A01D618CD800AD71BC = {
						CreatedOnToolsVersion = 7.3.1;
						TestTargetID = 000E02871D618CD700AD71BC;
					};
					000E02AB1D618CD800AD71BC = {
						CreatedOnToolsVersion = 7.3.1;
						TestTargetID = 000E02871D618CD700AD71BC;
					};
				};
			};
			buildConfigurationList = 000E02831D618CD700AD71BC /* Build configuration list for PBXProject "Hockd iOS App" */;
			compatibilityVersion = "Xcode 3.2";
			developmentRegion = English;
			hasScannedForEncodings = 0;
			knownRegions = (
				en,
				Base,
			);
			mainGroup = 000E027F1D618CD700AD71BC;
			productRefGroup = 000E02891D618CD700AD71BC /* Products */;
			projectDirPath = "";
			projectRoot = "";
			targets = (
				000E02871D618CD700AD71BC /* Hockd iOS App */,
				000E02A01D618CD800AD71BC /* Hockd iOS AppTests */,
				000E02AB1D618CD800AD71BC /* Hockd iOS AppUITests */,
			);
		};
/* End PBXProject section */

/* Begin PBXResourcesBuildPhase section */
		000E02861D618CD700AD71BC /* Resources */ = {
			isa = PBXResourcesBuildPhase;
			buildActionMask = 2147483647;
			files = (
				006080311E0A6564007F0CC9 /* 8.JPG in Resources */,
				004915D51DED981A00892B8D /* TGCameraAuthorizationViewController.xib in Resources */,
				004915D61DED981A00892B8D /* TGCameraViewController.xib in Resources */,
				0060802F1E0A6564007F0CC9 /* 6.JPG in Resources */,
				004915D71DED981A00892B8D /* TGPhotoViewController.xib in Resources */,
				00E7F1091D7E91CC00297AAD /* Messages.storyboard in Resources */,
				006080331E0A6564007F0CC9 /* 10.JPG in Resources */,
				00E7F10C1D7E920F00297AAD /* MyItems.storyboard in Resources */,
				006080301E0A6564007F0CC9 /* 7.JPG in Resources */,
				00DAA2FE1DCDD18500098ECC /* SF Orson Casual Heavy Reg FONT in Resources */,
				0060802D1E0A6564007F0CC9 /* 4.jpg in Resources */,
				0060802C1E0A6564007F0CC9 /* 3.jpg in Resources */,
				0060802B1E0A6564007F0CC9 /* 2.jpg in Resources */,
				000E029B1D618CD800AD71BC /* LaunchScreen.storyboard in Resources */,
				004915DE1DED98C600892B8D /* TGCameraViewController.bundle in Resources */,
				000E02981D618CD800AD71BC /* Assets.xcassets in Resources */,
				0060802A1E0A6564007F0CC9 /* 1.jpg in Resources */,
				000E02961D618CD800AD71BC /* Main.storyboard in Resources */,
				0060802E1E0A6564007F0CC9 /* 5.jpg in Resources */,
				00E7F1041D7E914800297AAD /* Settings.storyboard in Resources */,
				00E7F10E1D7E92B300297AAD /* Search.storyboard in Resources */,
				006080321E0A6564007F0CC9 /* 9.JPG in Resources */,
				0037156C1DEEABB200C13A97 /* CreateAccount.storyboard in Resources */,
				00E7F1071D7E919A00297AAD /* Hock.storyboard in Resources */,
			);
			runOnlyForDeploymentPostprocessing = 0;
		};
		000E029F1D618CD800AD71BC /* Resources */ = {
			isa = PBXResourcesBuildPhase;
			buildActionMask = 2147483647;
			files = (
			);
			runOnlyForDeploymentPostprocessing = 0;
		};
		000E02AA1D618CD800AD71BC /* Resources */ = {
			isa = PBXResourcesBuildPhase;
			buildActionMask = 2147483647;
			files = (
			);
			runOnlyForDeploymentPostprocessing = 0;
		};
/* End PBXResourcesBuildPhase section */

/* Begin PBXShellScriptBuildPhase section */
		46C098C300CF4056403EB3D4 /* [CP] Copy Pods Resources */ = {
			isa = PBXShellScriptBuildPhase;
			buildActionMask = 2147483647;
			files = (
			);
			inputPaths = (
			);
			name = "[CP] Copy Pods Resources";
			outputPaths = (
			);
			runOnlyForDeploymentPostprocessing = 0;
			shellPath = /bin/sh;
			shellScript = "\"${SRCROOT}/../Pods/Target Support Files/Pods-Hockd iOS App/Pods-Hockd iOS App-resources.sh\"\n";
			showEnvVarsInLog = 0;
		};
		AA41AA727A7E54B6F8B3D356 /* [CP] Embed Pods Frameworks */ = {
			isa = PBXShellScriptBuildPhase;
			buildActionMask = 2147483647;
			files = (
			);
			inputPaths = (
			);
			name = "[CP] Embed Pods Frameworks";
			outputPaths = (
			);
			runOnlyForDeploymentPostprocessing = 0;
			shellPath = /bin/sh;
			shellScript = "\"${SRCROOT}/../Pods/Target Support Files/Pods-Hockd iOS App/Pods-Hockd iOS App-frameworks.sh\"\n";
			showEnvVarsInLog = 0;
		};
		AFCACC7798850CA359CF687F /* [CP] Check Pods Manifest.lock */ = {
			isa = PBXShellScriptBuildPhase;
			buildActionMask = 2147483647;
			files = (
			);
			inputPaths = (
			);
			name = "[CP] Check Pods Manifest.lock";
			outputPaths = (
			);
			runOnlyForDeploymentPostprocessing = 0;
			shellPath = /bin/sh;
			shellScript = "diff \"${PODS_ROOT}/../Podfile.lock\" \"${PODS_ROOT}/Manifest.lock\" > /dev/null\nif [[ $? != 0 ]] ; then\n    cat << EOM\nerror: The sandbox is not in sync with the Podfile.lock. Run 'pod install' or update your CocoaPods installation.\nEOM\n    exit 1\nfi\n";
			showEnvVarsInLog = 0;
		};
/* End PBXShellScriptBuildPhase section */

/* Begin PBXSourcesBuildPhase section */
		000E02841D618CD700AD71BC /* Sources */ = {
			isa = PBXSourcesBuildPhase;
			buildActionMask = 2147483647;
			files = (
				004915B11DED97E800892B8D /* TGCameraFlash.m in Sources */,
				00F499561D76BBA600641ACE /* User.m in Sources */,
				000E02C91D6AB89C00AD71BC /* ForgotPasswordViewController.m in Sources */,
				004915B31DED97E800892B8D /* TGCameraFunctions.m in Sources */,
				004915CC1DED980100892B8D /* TGCameraGridView.m in Sources */,
				004915961DED97DB00892B8D /* TGCameraNavigationController.m in Sources */,
				004915951DED97DB00892B8D /* TGCameraAuthorizationViewController.m in Sources */,
				008844861E38841F0042ACF5 /* ContactUsViewController.m in Sources */,
				0088447D1E3883C30042ACF5 /* AssetsAcceptedViewController.m in Sources */,
				004915981DED97DB00892B8D /* TGPhotoViewController.m in Sources */,
				00A100D81D6D960D00ADDBCF /* MyItemsTableViewController.m in Sources */,
				00F4995F1D76CA2000641ACE /* DataSource.m in Sources */,
				00EE3F291E2F44C700BE3E59 /* AllItem.m in Sources */,
				004915B51DED97E800892B8D /* TGCameraShot.m in Sources */,
				004915B21DED97E800892B8D /* TGCameraFocus.m in Sources */,
				00EE3F2C1E2F543300BE3E59 /* AllItemTVCell.m in Sources */,
				008844831E3884040042ACF5 /* FAQViewController.m in Sources */,
				004915AE1DED97E800892B8D /* TGAssetsLibrary.m in Sources */,
				004915971DED97DB00892B8D /* TGCameraViewController.m in Sources */,
				008844891E3884310042ACF5 /* ViewProfileViewController.m in Sources */,
				004915AF1DED97E800892B8D /* TGCamera.m in Sources */,
				001E81581D892F7000DE27EA /* MyItemTVCell.m in Sources */,
				004915CF1DED980100892B8D /* TGCameraSlideView.m in Sources */,
				004915CE1DED980100892B8D /* TGCameraSlideUpView.m in Sources */,
				004915CB1DED980100892B8D /* TGCameraFocusView.m in Sources */,
				00FBCB3F1D829142002DD04D /* HockPostedViewController.m in Sources */,
				004915CD1DED980100892B8D /* TGCameraSlideDownView.m in Sources */,
				004915AD1DED97E800892B8D /* TGAlbum.m in Sources */,
				004915B41DED97E800892B8D /* TGCameraGrid.m in Sources */,
				004915B01DED97E800892B8D /* TGCameraColor.m in Sources */,
				0056FA021DF8E33C0059475E /* UpdatePasswordViewController.m in Sources */,
				004915B91DED97F400892B8D /* TGAssetImageFile.m in Sources */,
				0061445A1E3731ED00E98A2B /* MyItemFullScreenViewController.m in Sources */,
				002DA68A1DDB24CB00E3FD6F /* NSString+Base64.m in Sources */,
				0056F9FF1DF8A3350059475E /* UpdateAccountViewController.m in Sources */,
				002DA6911DDB24F700E3FD6F /* NSData+CommonCrypto.m in Sources */,
				000E02931D618CD800AD71BC /* LoginViewController.m in Sources */,
				004915D01DED980100892B8D /* TGTintedButton.m in Sources */,
				00A100DE1D6D96D000ADDBCF /* SettingsViewController.m in Sources */,
				008844801E3883DE0042ACF5 /* HowItWorksViewController.m in Sources */,
				00A100D51D6D954700ADDBCF /* SearchTableViewController.m in Sources */,
				00F4995C1D76C71700641ACE /* Address.m in Sources */,
				004915CA1DED980100892B8D /* TGCameraFilterView.m in Sources */,
				00DAA3041DD19D2400098ECC /* CreateAccountViewController.m in Sources */,
				000E02901D618CD800AD71BC /* AppDelegate.m in Sources */,
				00F499591D76BD9400641ACE /* MyItem.m in Sources */,
				00A100E41D6D971D00ADDBCF /* HockViewController.m in Sources */,
				000E028D1D618CD800AD71BC /* main.m in Sources */,
				0049158C1DED97D100892B8D /* UIImage+CameraFilters.m in Sources */,
				002DA68E1DDB24EB00E3FD6F /* NSData+Base64.m in Sources */,
				004915B61DED97E800892B8D /* TGCameraToggle.m in Sources */,
				00A100DB1D6D968200ADDBCF /* MessagesViewController.m in Sources */,
				002DA6941DDB250200E3FD6F /* AESCrypt.m in Sources */,
				004915D11DED980100892B8D /* TGTintedLabel.m in Sources */,
				00DAA3071DD1A1AA00098ECC /* CredentialCheckViewController.m in Sources */,
				00DAA2FA1DCAA15500098ECC /* Login.m in Sources */,
			);
			runOnlyForDeploymentPostprocessing = 0;
		};
		000E029D1D618CD800AD71BC /* Sources */ = {
			isa = PBXSourcesBuildPhase;
			buildActionMask = 2147483647;
			files = (
				000E02A61D618CD800AD71BC /* Hockd_iOS_AppTests.m in Sources */,
			);
			runOnlyForDeploymentPostprocessing = 0;
		};
		000E02A81D618CD800AD71BC /* Sources */ = {
			isa = PBXSourcesBuildPhase;
			buildActionMask = 2147483647;
			files = (
				000E02B11D618CD800AD71BC /* Hockd_iOS_AppUITests.m in Sources */,
			);
			runOnlyForDeploymentPostprocessing = 0;
		};
/* End PBXSourcesBuildPhase section */

/* Begin PBXTargetDependency section */
		000E02A31D618CD800AD71BC /* PBXTargetDependency */ = {
			isa = PBXTargetDependency;
			target = 000E02871D618CD700AD71BC /* Hockd iOS App */;
			targetProxy = 000E02A21D618CD800AD71BC /* PBXContainerItemProxy */;
		};
		000E02AE1D618CD800AD71BC /* PBXTargetDependency */ = {
			isa = PBXTargetDependency;
			target = 000E02871D618CD700AD71BC /* Hockd iOS App */;
			targetProxy = 000E02AD1D618CD800AD71BC /* PBXContainerItemProxy */;
		};
/* End PBXTargetDependency section */

/* Begin PBXVariantGroup section */
		000E02941D618CD800AD71BC /* Main.storyboard */ = {
			isa = PBXVariantGroup;
			children = (
				000E02951D618CD800AD71BC /* Base */,
			);
			name = Main.storyboard;
			sourceTree = "<group>";
		};
		000E02991D618CD800AD71BC /* LaunchScreen.storyboard */ = {
			isa = PBXVariantGroup;
			children = (
				000E029A1D618CD800AD71BC /* Base */,
			);
			name = LaunchScreen.storyboard;
			sourceTree = "<group>";
		};
		0037156A1DEEABB200C13A97 /* CreateAccount.storyboard */ = {
			isa = PBXVariantGroup;
			children = (
				0037156B1DEEABB200C13A97 /* Base */,
			);
			name = CreateAccount.storyboard;
			sourceTree = "<group>";
		};
		00E7F1051D7E919A00297AAD /* Hock.storyboard */ = {
			isa = PBXVariantGroup;
			children = (
				00E7F1061D7E919A00297AAD /* Base */,
			);
			name = Hock.storyboard;
			sourceTree = "<group>";
		};
		00E7F10A1D7E920F00297AAD /* MyItems.storyboard */ = {
			isa = PBXVariantGroup;
			children = (
				00E7F10B1D7E920F00297AAD /* Base */,
			);
			name = MyItems.storyboard;
			sourceTree = "<group>";
		};
/* End PBXVariantGroup section */

/* Begin XCBuildConfiguration section */
		000E02B31D618CD800AD71BC /* Debug */ = {
			isa = XCBuildConfiguration;
			buildSettings = {
				ALWAYS_SEARCH_USER_PATHS = NO;
				CLANG_ANALYZER_NONNULL = YES;
				CLANG_CXX_LANGUAGE_STANDARD = "gnu++0x";
				CLANG_CXX_LIBRARY = "libc++";
				CLANG_ENABLE_MODULES = YES;
				CLANG_ENABLE_OBJC_ARC = YES;
				CLANG_WARN_BOOL_CONVERSION = YES;
				CLANG_WARN_CONSTANT_CONVERSION = YES;
				CLANG_WARN_DIRECT_OBJC_ISA_USAGE = YES_ERROR;
				CLANG_WARN_EMPTY_BODY = YES;
				CLANG_WARN_ENUM_CONVERSION = YES;
				CLANG_WARN_INFINITE_RECURSION = YES;
				CLANG_WARN_INT_CONVERSION = YES;
				CLANG_WARN_OBJC_ROOT_CLASS = YES_ERROR;
				CLANG_WARN_SUSPICIOUS_MOVE = YES;
				CLANG_WARN_UNREACHABLE_CODE = YES;
				CLANG_WARN__DUPLICATE_METHOD_MATCH = YES;
				"CODE_SIGN_IDENTITY[sdk=iphoneos*]" = "iPhone Developer";
				COPY_PHASE_STRIP = NO;
				DEBUG_INFORMATION_FORMAT = dwarf;
				ENABLE_STRICT_OBJC_MSGSEND = YES;
				ENABLE_TESTABILITY = YES;
				GCC_C_LANGUAGE_STANDARD = gnu99;
				GCC_DYNAMIC_NO_PIC = NO;
				GCC_NO_COMMON_BLOCKS = YES;
				GCC_OPTIMIZATION_LEVEL = 0;
				GCC_PREPROCESSOR_DEFINITIONS = (
					"DEBUG=1",
					"$(inherited)",
				);
				GCC_WARN_64_TO_32_BIT_CONVERSION = YES;
				GCC_WARN_ABOUT_RETURN_TYPE = YES_ERROR;
				GCC_WARN_UNDECLARED_SELECTOR = YES;
				GCC_WARN_UNINITIALIZED_AUTOS = YES_AGGRESSIVE;
				GCC_WARN_UNUSED_FUNCTION = YES;
				GCC_WARN_UNUSED_VARIABLE = YES;
				IPHONEOS_DEPLOYMENT_TARGET = 9.3;
				MTL_ENABLE_DEBUG_INFO = YES;
				ONLY_ACTIVE_ARCH = YES;
				SDKROOT = iphoneos;
				TARGETED_DEVICE_FAMILY = "1,2";
			};
			name = Debug;
		};
		000E02B41D618CD800AD71BC /* Release */ = {
			isa = XCBuildConfiguration;
			buildSettings = {
				ALWAYS_SEARCH_USER_PATHS = NO;
				CLANG_ANALYZER_NONNULL = YES;
				CLANG_CXX_LANGUAGE_STANDARD = "gnu++0x";
				CLANG_CXX_LIBRARY = "libc++";
				CLANG_ENABLE_MODULES = YES;
				CLANG_ENABLE_OBJC_ARC = YES;
				CLANG_WARN_BOOL_CONVERSION = YES;
				CLANG_WARN_CONSTANT_CONVERSION = YES;
				CLANG_WARN_DIRECT_OBJC_ISA_USAGE = YES_ERROR;
				CLANG_WARN_EMPTY_BODY = YES;
				CLANG_WARN_ENUM_CONVERSION = YES;
				CLANG_WARN_INFINITE_RECURSION = YES;
				CLANG_WARN_INT_CONVERSION = YES;
				CLANG_WARN_OBJC_ROOT_CLASS = YES_ERROR;
				CLANG_WARN_SUSPICIOUS_MOVE = YES;
				CLANG_WARN_UNREACHABLE_CODE = YES;
				CLANG_WARN__DUPLICATE_METHOD_MATCH = YES;
				"CODE_SIGN_IDENTITY[sdk=iphoneos*]" = "iPhone Developer";
				COPY_PHASE_STRIP = NO;
				DEBUG_INFORMATION_FORMAT = "dwarf-with-dsym";
				ENABLE_NS_ASSERTIONS = NO;
				ENABLE_STRICT_OBJC_MSGSEND = YES;
				GCC_C_LANGUAGE_STANDARD = gnu99;
				GCC_NO_COMMON_BLOCKS = YES;
				GCC_WARN_64_TO_32_BIT_CONVERSION = YES;
				GCC_WARN_ABOUT_RETURN_TYPE = YES_ERROR;
				GCC_WARN_UNDECLARED_SELECTOR = YES;
				GCC_WARN_UNINITIALIZED_AUTOS = YES_AGGRESSIVE;
				GCC_WARN_UNUSED_FUNCTION = YES;
				GCC_WARN_UNUSED_VARIABLE = YES;
				IPHONEOS_DEPLOYMENT_TARGET = 9.3;
				MTL_ENABLE_DEBUG_INFO = NO;
				SDKROOT = iphoneos;
				TARGETED_DEVICE_FAMILY = "1,2";
				VALIDATE_PRODUCT = YES;
			};
			name = Release;
		};
		000E02B61D618CD800AD71BC /* Debug */ = {
			isa = XCBuildConfiguration;
			baseConfigurationReference = 1A2CA18693A014142F9F0902 /* Pods-Hockd iOS App.debug.xcconfig */;
			buildSettings = {
				ASSETCATALOG_COMPILER_APPICON_NAME = AppIcon;
				CODE_SIGN_ENTITLEMENTS = "Hockd iOS App/Hockd iOS App.entitlements";
				CODE_SIGN_IDENTITY = "iPhone Developer";
				"CODE_SIGN_IDENTITY[sdk=iphoneos*]" = "iPhone Developer";
				DEVELOPMENT_TEAM = U5L5YPF9GQ;
				INFOPLIST_FILE = "Hockd iOS App/Info.plist";
				LD_RUNPATH_SEARCH_PATHS = "$(inherited) @executable_path/Frameworks";
				PRODUCT_BUNDLE_IDENTIFIER = "com.Hockd.Hockd-iOS";
				PRODUCT_NAME = "$(TARGET_NAME)";
				TARGETED_DEVICE_FAMILY = "1,2";
			};
			name = Debug;
		};
		000E02B71D618CD800AD71BC /* Release */ = {
			isa = XCBuildConfiguration;
			baseConfigurationReference = CA15EA60AD0BAA6B847FF3B6 /* Pods-Hockd iOS App.release.xcconfig */;
			buildSettings = {
				ASSETCATALOG_COMPILER_APPICON_NAME = AppIcon;
				CODE_SIGN_ENTITLEMENTS = "Hockd iOS App/Hockd iOS App.entitlements";
				CODE_SIGN_IDENTITY = "iPhone Developer";
				"CODE_SIGN_IDENTITY[sdk=iphoneos*]" = "iPhone Developer";
				DEVELOPMENT_TEAM = U5L5YPF9GQ;
				INFOPLIST_FILE = "Hockd iOS App/Info.plist";
				LD_RUNPATH_SEARCH_PATHS = "$(inherited) @executable_path/Frameworks";
				PRODUCT_BUNDLE_IDENTIFIER = "com.Hockd.Hockd-iOS";
				PRODUCT_NAME = "$(TARGET_NAME)";
				TARGETED_DEVICE_FAMILY = "1,2";
			};
			name = Release;
		};
		000E02B91D618CD800AD71BC /* Debug */ = {
			isa = XCBuildConfiguration;
			buildSettings = {
				BUNDLE_LOADER = "$(TEST_HOST)";
				INFOPLIST_FILE = "Hockd iOS AppTests/Info.plist";
				LD_RUNPATH_SEARCH_PATHS = "$(inherited) @executable_path/Frameworks @loader_path/Frameworks";
				PRODUCT_BUNDLE_IDENTIFIER = "com.Hockd.Hockd-iOS-AppTests";
				PRODUCT_NAME = "$(TARGET_NAME)";
				TEST_HOST = "$(BUILT_PRODUCTS_DIR)/Hockd iOS App.app/Hockd iOS App";
			};
			name = Debug;
		};
		000E02BA1D618CD800AD71BC /* Release */ = {
			isa = XCBuildConfiguration;
			buildSettings = {
				BUNDLE_LOADER = "$(TEST_HOST)";
				INFOPLIST_FILE = "Hockd iOS AppTests/Info.plist";
				LD_RUNPATH_SEARCH_PATHS = "$(inherited) @executable_path/Frameworks @loader_path/Frameworks";
				PRODUCT_BUNDLE_IDENTIFIER = "com.Hockd.Hockd-iOS-AppTests";
				PRODUCT_NAME = "$(TARGET_NAME)";
				TEST_HOST = "$(BUILT_PRODUCTS_DIR)/Hockd iOS App.app/Hockd iOS App";
			};
			name = Release;
		};
		000E02BC1D618CD800AD71BC /* Debug */ = {
			isa = XCBuildConfiguration;
			buildSettings = {
				INFOPLIST_FILE = "Hockd iOS AppUITests/Info.plist";
				LD_RUNPATH_SEARCH_PATHS = "$(inherited) @executable_path/Frameworks @loader_path/Frameworks";
				PRODUCT_BUNDLE_IDENTIFIER = "com.Hockd.Hockd-iOS-AppUITests";
				PRODUCT_NAME = "$(TARGET_NAME)";
				TEST_TARGET_NAME = "Hockd iOS App";
			};
			name = Debug;
		};
		000E02BD1D618CD800AD71BC /* Release */ = {
			isa = XCBuildConfiguration;
			buildSettings = {
				INFOPLIST_FILE = "Hockd iOS AppUITests/Info.plist";
				LD_RUNPATH_SEARCH_PATHS = "$(inherited) @executable_path/Frameworks @loader_path/Frameworks";
				PRODUCT_BUNDLE_IDENTIFIER = "com.Hockd.Hockd-iOS-AppUITests";
				PRODUCT_NAME = "$(TARGET_NAME)";
				TEST_TARGET_NAME = "Hockd iOS App";
			};
			name = Release;
		};
/* End XCBuildConfiguration section */

/* Begin XCConfigurationList section */
		000E02831D618CD700AD71BC /* Build configuration list for PBXProject "Hockd iOS App" */ = {
			isa = XCConfigurationList;
			buildConfigurations = (
				000E02B31D618CD800AD71BC /* Debug */,
				000E02B41D618CD800AD71BC /* Release */,
			);
			defaultConfigurationIsVisible = 0;
			defaultConfigurationName = Release;
		};
		000E02B51D618CD800AD71BC /* Build configuration list for PBXNativeTarget "Hockd iOS App" */ = {
			isa = XCConfigurationList;
			buildConfigurations = (
				000E02B61D618CD800AD71BC /* Debug */,
				000E02B71D618CD800AD71BC /* Release */,
			);
			defaultConfigurationIsVisible = 0;
			defaultConfigurationName = Release;
		};
		000E02B81D618CD800AD71BC /* Build configuration list for PBXNativeTarget "Hockd iOS AppTests" */ = {
			isa = XCConfigurationList;
			buildConfigurations = (
				000E02B91D618CD800AD71BC /* Debug */,
				000E02BA1D618CD800AD71BC /* Release */,
			);
			defaultConfigurationIsVisible = 0;
			defaultConfigurationName = Release;
		};
		000E02BB1D618CD800AD71BC /* Build configuration list for PBXNativeTarget "Hockd iOS AppUITests" */ = {
			isa = XCConfigurationList;
			buildConfigurations = (
				000E02BC1D618CD800AD71BC /* Debug */,
				000E02BD1D618CD800AD71BC /* Release */,
			);
			defaultConfigurationIsVisible = 0;
			defaultConfigurationName = Release;
		};
/* End XCConfigurationList section */
	};
	rootObject = 000E02801D618CD700AD71BC /* Project object */;
}
